
Microsoft Visual Studio Solution File, Format Version 12.00
# Visual Studio Version 17
VisualStudioVersion = 17.8.34316.72
MinimumVisualStudioVersion = 10.0.40219.1
Project("{FAE04EC0-301F-11D3-BF4B-00C04F79EFBC}") = "3a_przec", "3a_przec\3a_przec.csproj", "{DA81B929-2C70-46A7-ADB9-6F5003866447}"
EndProject
Global
	GlobalSection(SolutionConfigurationPlatforms) = preSolution
		Debug|Any CPU = Debug|Any CPU
		Release|Any CPU = Release|Any CPU
	EndGlobalSection
	GlobalSection(ProjectConfigurationPlatforms) = postSolution
		{DA81B929-2C70-46A7-ADB9-6F5003866447}.Debug|Any CPU.ActiveCfg = Debug|Any CPU
		{DA81B929-2C70-46A7-ADB9-6F5003866447}.Debug|Any CPU.Build.0 = Debug|Any CPU
		{DA81B929-2C70-46A7-ADB9-6F5003866447}.Release|Any CPU.ActiveCfg = Release|Any CPU
		{DA81B929-2C70-46A7-ADB9-6F5003866447}.Release|Any CPU.Build.0 = Release|Any CPU
	EndGlobalSection
	GlobalSection(SolutionProperties) = preSolution
		HideSolutionNode = FALSE
	EndGlobalSection
	GlobalSection(ExtensibilityGlobals) = postSolution
		SolutionGuid = {C62E25AB-0BC4-4124-82B5-24745DF5513A}
	EndGlobalSection
EndGlobal
